// !$*UTF8*$!
{
	archiveVersion = 1;
	classes = {
	};
	objectVersion = 46;
	objects = {

/* Begin PBXBuildFile section */
		50C78DB01C98F9C900F23D9F /* DTWholeViewController.m in Sources */ = {isa = PBXBuildFile; fileRef = 50C78DAE1C98F9C900F23D9F /* DTWholeViewController.m */; };
		50C78DB11C98F9C900F23D9F /* DTWholeViewController.xib in Resources */ = {isa = PBXBuildFile; fileRef = 50C78DAF1C98F9C900F23D9F /* DTWholeViewController.xib */; };
		50C78DB51C98FA0100F23D9F /* DTOfficialViewController.m in Sources */ = {isa = PBXBuildFile; fileRef = 50C78DB31C98FA0100F23D9F /* DTOfficialViewController.m */; };
		50C78DB61C98FA0100F23D9F /* DTOfficialViewController.xib in Resources */ = {isa = PBXBuildFile; fileRef = 50C78DB41C98FA0100F23D9F /* DTOfficialViewController.xib */; };
		50C78DBA1C98FA1900F23D9F /* DTUpdateViewController.m in Sources */ = {isa = PBXBuildFile; fileRef = 50C78DB81C98FA1900F23D9F /* DTUpdateViewController.m */; };
		50C78DBB1C98FA1900F23D9F /* DTUpdateViewController.xib in Resources */ = {isa = PBXBuildFile; fileRef = 50C78DB91C98FA1900F23D9F /* DTUpdateViewController.xib */; };
		50C78DBF1C98FA3A00F23D9F /* DTMediaViewController.m in Sources */ = {isa = PBXBuildFile; fileRef = 50C78DBD1C98FA3A00F23D9F /* DTMediaViewController.m */; };
		50C78DC01C98FA3A00F23D9F /* DTMediaViewController.xib in Resources */ = {isa = PBXBuildFile; fileRef = 50C78DBE1C98FA3A00F23D9F /* DTMediaViewController.xib */; };
		50C78DC41C98FA5300F23D9F /* DTMatchViewController.m in Sources */ = {isa = PBXBuildFile; fileRef = 50C78DC21C98FA5300F23D9F /* DTMatchViewController.m */; };
		50C78DC51C98FA5300F23D9F /* DTMatchViewController.xib in Resources */ = {isa = PBXBuildFile; fileRef = 50C78DC31C98FA5300F23D9F /* DTMatchViewController.xib */; };
		50C78DC91C990E6A00F23D9F /* DTInformationCell.m in Sources */ = {isa = PBXBuildFile; fileRef = 50C78DC71C990E6A00F23D9F /* DTInformationCell.m */; };
		50C78DCA1C990E6A00F23D9F /* DTInformationCell.xib in Resources */ = {isa = PBXBuildFile; fileRef = 50C78DC81C990E6A00F23D9F /* DTInformationCell.xib */; };
		50D201511C980CA700B99E3B /* main.m in Sources */ = {isa = PBXBuildFile; fileRef = 50D201501C980CA700B99E3B /* main.m */; };
		50D201541C980CA700B99E3B /* AppDelegate.m in Sources */ = {isa = PBXBuildFile; fileRef = 50D201531C980CA700B99E3B /* AppDelegate.m */; };
		50D2015C1C980CA700B99E3B /* Assets.xcassets in Resources */ = {isa = PBXBuildFile; fileRef = 50D2015B1C980CA700B99E3B /* Assets.xcassets */; };
		50D2015F1C980CA700B99E3B /* LaunchScreen.storyboard in Resources */ = {isa = PBXBuildFile; fileRef = 50D2015D1C980CA700B99E3B /* LaunchScreen.storyboard */; };
		50D2016A1C980CA800B99E3B /* DefenseOfTheAncientsTests.m in Sources */ = {isa = PBXBuildFile; fileRef = 50D201691C980CA800B99E3B /* DefenseOfTheAncientsTests.m */; };
		50D201751C980CA800B99E3B /* DefenseOfTheAncientsUITests.m in Sources */ = {isa = PBXBuildFile; fileRef = 50D201741C980CA800B99E3B /* DefenseOfTheAncientsUITests.m */; };
		50D201A91C9818E000B99E3B /* DTInformationViewController.m in Sources */ = {isa = PBXBuildFile; fileRef = 50D201A71C9818E000B99E3B /* DTInformationViewController.m */; };
		50D201AA1C9818E000B99E3B /* DTInformationViewController.xib in Resources */ = {isa = PBXBuildFile; fileRef = 50D201A81C9818E000B99E3B /* DTInformationViewController.xib */; };
		50D201AE1C9818F000B99E3B /* DTTreasureBoxViewController.m in Sources */ = {isa = PBXBuildFile; fileRef = 50D201AC1C9818F000B99E3B /* DTTreasureBoxViewController.m */; };
		50D201AF1C9818F000B99E3B /* DTTreasureBoxViewController.xib in Resources */ = {isa = PBXBuildFile; fileRef = 50D201AD1C9818F000B99E3B /* DTTreasureBoxViewController.xib */; };
		50D201B31C9818FD00B99E3B /* DTMineViewController.m in Sources */ = {isa = PBXBuildFile; fileRef = 50D201B11C9818FD00B99E3B /* DTMineViewController.m */; };
		50D201B41C9818FD00B99E3B /* DTMineViewController.xib in Resources */ = {isa = PBXBuildFile; fileRef = 50D201B21C9818FD00B99E3B /* DTMineViewController.xib */; };
		50D201B81C98190900B99E3B /* DTVideoViewController.m in Sources */ = {isa = PBXBuildFile; fileRef = 50D201B61C98190900B99E3B /* DTVideoViewController.m */; };
		50D201B91C98190900B99E3B /* DTVideoViewController.xib in Resources */ = {isa = PBXBuildFile; fileRef = 50D201B71C98190900B99E3B /* DTVideoViewController.xib */; };
		50D201BD1C98191900B99E3B /* DTGameViewController.m in Sources */ = {isa = PBXBuildFile; fileRef = 50D201BB1C98191900B99E3B /* DTGameViewController.m */; };
		50D201BE1C98191900B99E3B /* DTGameViewController.xib in Resources */ = {isa = PBXBuildFile; fileRef = 50D201BC1C98191900B99E3B /* DTGameViewController.xib */; };
		50D201C11C9819C100B99E3B /* DTTabBarViewController.m in Sources */ = {isa = PBXBuildFile; fileRef = 50D201C01C9819C100B99E3B /* DTTabBarViewController.m */; };
		50E0BCEB1C98588C0054283A /* UIImage+ColorImage.m in Sources */ = {isa = PBXBuildFile; fileRef = 50E0BCEA1C98588C0054283A /* UIImage+ColorImage.m */; };
		50E0BCEE1C9861320054283A /* DTRefreshHeader.m in Sources */ = {isa = PBXBuildFile; fileRef = 50E0BCED1C9861320054283A /* DTRefreshHeader.m */; };
		50E0BD131C986F670054283A /* DTNavigationBarView.m in Sources */ = {isa = PBXBuildFile; fileRef = 50E0BD121C986F670054283A /* DTNavigationBarView.m */; };
		81E671B156185A5960519EBC /* libPods-DefenseOfTheAncients.a in Frameworks */ = {isa = PBXBuildFile; fileRef = BDF1C12D8D8461CF15A5BD2F /* libPods-DefenseOfTheAncients.a */; };
/* End PBXBuildFile section */

/* Begin PBXContainerItemProxy section */
		50D201661C980CA800B99E3B /* PBXContainerItemProxy */ = {
			isa = PBXContainerItemProxy;
			containerPortal = 50D201441C980CA700B99E3B /* Project object */;
			proxyType = 1;
			remoteGlobalIDString = 50D2014B1C980CA700B99E3B;
			remoteInfo = DefenseOfTheAncients;
		};
		50D201711C980CA800B99E3B /* PBXContainerItemProxy */ = {
			isa = PBXContainerItemProxy;
			containerPortal = 50D201441C980CA700B99E3B /* Project object */;
			proxyType = 1;
			remoteGlobalIDString = 50D2014B1C980CA700B99E3B;
			remoteInfo = DefenseOfTheAncients;
		};
/* End PBXContainerItemProxy section */

/* Begin PBXFileReference section */
		2552A424E99AADA6CBB17849 /* Pods-DefenseOfTheAncients.release.xcconfig */ = {isa = PBXFileReference; includeInIndex = 1; lastKnownFileType = text.xcconfig; name = "Pods-DefenseOfTheAncients.release.xcconfig"; path = "Pods/Target Support Files/Pods-DefenseOfTheAncients/Pods-DefenseOfTheAncients.release.xcconfig"; sourceTree = "<group>"; };
		50C78DAD1C98F9C900F23D9F /* DTWholeViewController.h */ = {isa = PBXFileReference; fileEncoding = 4; lastKnownFileType = sourcecode.c.h; path = DTWholeViewController.h; sourceTree = "<group>"; };
		50C78DAE1C98F9C900F23D9F /* DTWholeViewController.m */ = {isa = PBXFileReference; fileEncoding = 4; lastKnownFileType = sourcecode.c.objc; path = DTWholeViewController.m; sourceTree = "<group>"; };
		50C78DAF1C98F9C900F23D9F /* DTWholeViewController.xib */ = {isa = PBXFileReference; fileEncoding = 4; lastKnownFileType = file.xib; path = DTWholeViewController.xib; sourceTree = "<group>"; };
		50C78DB21C98FA0100F23D9F /* DTOfficialViewController.h */ = {isa = PBXFileReference; fileEncoding = 4; lastKnownFileType = sourcecode.c.h; path = DTOfficialViewController.h; sourceTree = "<group>"; };
		50C78DB31C98FA0100F23D9F /* DTOfficialViewController.m */ = {isa = PBXFileReference; fileEncoding = 4; lastKnownFileType = sourcecode.c.objc; path = DTOfficialViewController.m; sourceTree = "<group>"; };
		50C78DB41C98FA0100F23D9F /* DTOfficialViewController.xib */ = {isa = PBXFileReference; fileEncoding = 4; lastKnownFileType = file.xib; path = DTOfficialViewController.xib; sourceTree = "<group>"; };
		50C78DB71C98FA1900F23D9F /* DTUpdateViewController.h */ = {isa = PBXFileReference; fileEncoding = 4; lastKnownFileType = sourcecode.c.h; path = DTUpdateViewController.h; sourceTree = "<group>"; };
		50C78DB81C98FA1900F23D9F /* DTUpdateViewController.m */ = {isa = PBXFileReference; fileEncoding = 4; lastKnownFileType = sourcecode.c.objc; path = DTUpdateViewController.m; sourceTree = "<group>"; };
		50C78DB91C98FA1900F23D9F /* DTUpdateViewController.xib */ = {isa = PBXFileReference; fileEncoding = 4; lastKnownFileType = file.xib; path = DTUpdateViewController.xib; sourceTree = "<group>"; };
		50C78DBC1C98FA3A00F23D9F /* DTMediaViewController.h */ = {isa = PBXFileReference; fileEncoding = 4; lastKnownFileType = sourcecode.c.h; path = DTMediaViewController.h; sourceTree = "<group>"; };
		50C78DBD1C98FA3A00F23D9F /* DTMediaViewController.m */ = {isa = PBXFileReference; fileEncoding = 4; lastKnownFileType = sourcecode.c.objc; path = DTMediaViewController.m; sourceTree = "<group>"; };
		50C78DBE1C98FA3A00F23D9F /* DTMediaViewController.xib */ = {isa = PBXFileReference; fileEncoding = 4; lastKnownFileType = file.xib; path = DTMediaViewController.xib; sourceTree = "<group>"; };
		50C78DC11C98FA5300F23D9F /* DTMatchViewController.h */ = {isa = PBXFileReference; fileEncoding = 4; lastKnownFileType = sourcecode.c.h; path = DTMatchViewController.h; sourceTree = "<group>"; };
		50C78DC21C98FA5300F23D9F /* DTMatchViewController.m */ = {isa = PBXFileReference; fileEncoding = 4; lastKnownFileType = sourcecode.c.objc; path = DTMatchViewController.m; sourceTree = "<group>"; };
		50C78DC31C98FA5300F23D9F /* DTMatchViewController.xib */ = {isa = PBXFileReference; fileEncoding = 4; lastKnownFileType = file.xib; path = DTMatchViewController.xib; sourceTree = "<group>"; };
		50C78DC61C990E6A00F23D9F /* DTInformationCell.h */ = {isa = PBXFileReference; fileEncoding = 4; lastKnownFileType = sourcecode.c.h; path = DTInformationCell.h; sourceTree = "<group>"; };
		50C78DC71C990E6A00F23D9F /* DTInformationCell.m */ = {isa = PBXFileReference; fileEncoding = 4; lastKnownFileType = sourcecode.c.objc; path = DTInformationCell.m; sourceTree = "<group>"; };
		50C78DC81C990E6A00F23D9F /* DTInformationCell.xib */ = {isa = PBXFileReference; fileEncoding = 4; lastKnownFileType = file.xib; path = DTInformationCell.xib; sourceTree = "<group>"; };
		50D2014C1C980CA700B99E3B /* DefenseOfTheAncients.app */ = {isa = PBXFileReference; explicitFileType = wrapper.application; includeInIndex = 0; path = DefenseOfTheAncients.app; sourceTree = BUILT_PRODUCTS_DIR; };
		50D201501C980CA700B99E3B /* main.m */ = {isa = PBXFileReference; lastKnownFileType = sourcecode.c.objc; path = main.m; sourceTree = "<group>"; };
		50D201521C980CA700B99E3B /* AppDelegate.h */ = {isa = PBXFileReference; lastKnownFileType = sourcecode.c.h; path = AppDelegate.h; sourceTree = "<group>"; };
		50D201531C980CA700B99E3B /* AppDelegate.m */ = {isa = PBXFileReference; lastKnownFileType = sourcecode.c.objc; path = AppDelegate.m; sourceTree = "<group>"; };
		50D2015B1C980CA700B99E3B /* Assets.xcassets */ = {isa = PBXFileReference; lastKnownFileType = folder.assetcatalog; path = Assets.xcassets; sourceTree = "<group>"; };
		50D2015E1C980CA700B99E3B /* Base */ = {isa = PBXFileReference; lastKnownFileType = file.storyboard; name = Base; path = Base.lproj/LaunchScreen.storyboard; sourceTree = "<group>"; };
		50D201601C980CA700B99E3B /* Info.plist */ = {isa = PBXFileReference; lastKnownFileType = text.plist.xml; path = Info.plist; sourceTree = "<group>"; };
		50D201651C980CA800B99E3B /* DefenseOfTheAncientsTests.xctest */ = {isa = PBXFileReference; explicitFileType = wrapper.cfbundle; includeInIndex = 0; path = DefenseOfTheAncientsTests.xctest; sourceTree = BUILT_PRODUCTS_DIR; };
		50D201691C980CA800B99E3B /* DefenseOfTheAncientsTests.m */ = {isa = PBXFileReference; lastKnownFileType = sourcecode.c.objc; path = DefenseOfTheAncientsTests.m; sourceTree = "<group>"; };
		50D2016B1C980CA800B99E3B /* Info.plist */ = {isa = PBXFileReference; lastKnownFileType = text.plist.xml; path = Info.plist; sourceTree = "<group>"; };
		50D201701C980CA800B99E3B /* DefenseOfTheAncientsUITests.xctest */ = {isa = PBXFileReference; explicitFileType = wrapper.cfbundle; includeInIndex = 0; path = DefenseOfTheAncientsUITests.xctest; sourceTree = BUILT_PRODUCTS_DIR; };
		50D201741C980CA800B99E3B /* DefenseOfTheAncientsUITests.m */ = {isa = PBXFileReference; lastKnownFileType = sourcecode.c.objc; path = DefenseOfTheAncientsUITests.m; sourceTree = "<group>"; };
		50D201761C980CA800B99E3B /* Info.plist */ = {isa = PBXFileReference; lastKnownFileType = text.plist.xml; path = Info.plist; sourceTree = "<group>"; };
		50D201A51C98177F00B99E3B /* DTPrefixHeader.pch */ = {isa = PBXFileReference; lastKnownFileType = sourcecode.c.h; path = DTPrefixHeader.pch; sourceTree = "<group>"; };
		50D201A61C9818E000B99E3B /* DTInformationViewController.h */ = {isa = PBXFileReference; fileEncoding = 4; lastKnownFileType = sourcecode.c.h; path = DTInformationViewController.h; sourceTree = "<group>"; };
		50D201A71C9818E000B99E3B /* DTInformationViewController.m */ = {isa = PBXFileReference; fileEncoding = 4; lastKnownFileType = sourcecode.c.objc; path = DTInformationViewController.m; sourceTree = "<group>"; };
		50D201A81C9818E000B99E3B /* DTInformationViewController.xib */ = {isa = PBXFileReference; fileEncoding = 4; lastKnownFileType = file.xib; path = DTInformationViewController.xib; sourceTree = "<group>"; };
		50D201AB1C9818F000B99E3B /* DTTreasureBoxViewController.h */ = {isa = PBXFileReference; fileEncoding = 4; lastKnownFileType = sourcecode.c.h; path = DTTreasureBoxViewController.h; sourceTree = "<group>"; };
		50D201AC1C9818F000B99E3B /* DTTreasureBoxViewController.m */ = {isa = PBXFileReference; fileEncoding = 4; lastKnownFileType = sourcecode.c.objc; path = DTTreasureBoxViewController.m; sourceTree = "<group>"; };
		50D201AD1C9818F000B99E3B /* DTTreasureBoxViewController.xib */ = {isa = PBXFileReference; fileEncoding = 4; lastKnownFileType = file.xib; path = DTTreasureBoxViewController.xib; sourceTree = "<group>"; };
		50D201B01C9818FD00B99E3B /* DTMineViewController.h */ = {isa = PBXFileReference; fileEncoding = 4; lastKnownFileType = sourcecode.c.h; path = DTMineViewController.h; sourceTree = "<group>"; };
		50D201B11C9818FD00B99E3B /* DTMineViewController.m */ = {isa = PBXFileReference; fileEncoding = 4; lastKnownFileType = sourcecode.c.objc; path = DTMineViewController.m; sourceTree = "<group>"; };
		50D201B21C9818FD00B99E3B /* DTMineViewController.xib */ = {isa = PBXFileReference; fileEncoding = 4; lastKnownFileType = file.xib; path = DTMineViewController.xib; sourceTree = "<group>"; };
		50D201B51C98190900B99E3B /* DTVideoViewController.h */ = {isa = PBXFileReference; fileEncoding = 4; lastKnownFileType = sourcecode.c.h; path = DTVideoViewController.h; sourceTree = "<group>"; };
		50D201B61C98190900B99E3B /* DTVideoViewController.m */ = {isa = PBXFileReference; fileEncoding = 4; lastKnownFileType = sourcecode.c.objc; path = DTVideoViewController.m; sourceTree = "<group>"; };
		50D201B71C98190900B99E3B /* DTVideoViewController.xib */ = {isa = PBXFileReference; fileEncoding = 4; lastKnownFileType = file.xib; path = DTVideoViewController.xib; sourceTree = "<group>"; };
		50D201BA1C98191900B99E3B /* DTGameViewController.h */ = {isa = PBXFileReference; fileEncoding = 4; lastKnownFileType = sourcecode.c.h; path = DTGameViewController.h; sourceTree = "<group>"; };
		50D201BB1C98191900B99E3B /* DTGameViewController.m */ = {isa = PBXFileReference; fileEncoding = 4; lastKnownFileType = sourcecode.c.objc; path = DTGameViewController.m; sourceTree = "<group>"; };
		50D201BC1C98191900B99E3B /* DTGameViewController.xib */ = {isa = PBXFileReference; fileEncoding = 4; lastKnownFileType = file.xib; path = DTGameViewController.xib; sourceTree = "<group>"; };
		50D201BF1C9819C100B99E3B /* DTTabBarViewController.h */ = {isa = PBXFileReference; fileEncoding = 4; lastKnownFileType = sourcecode.c.h; path = DTTabBarViewController.h; sourceTree = "<group>"; };
		50D201C01C9819C100B99E3B /* DTTabBarViewController.m */ = {isa = PBXFileReference; fileEncoding = 4; lastKnownFileType = sourcecode.c.objc; path = DTTabBarViewController.m; sourceTree = "<group>"; };
		50E0BCE91C98588C0054283A /* UIImage+ColorImage.h */ = {isa = PBXFileReference; fileEncoding = 4; lastKnownFileType = sourcecode.c.h; path = "UIImage+ColorImage.h"; sourceTree = "<group>"; };
		50E0BCEA1C98588C0054283A /* UIImage+ColorImage.m */ = {isa = PBXFileReference; fileEncoding = 4; lastKnownFileType = sourcecode.c.objc; path = "UIImage+ColorImage.m"; sourceTree = "<group>"; };
		50E0BCEC1C9861320054283A /* DTRefreshHeader.h */ = {isa = PBXFileReference; fileEncoding = 4; lastKnownFileType = sourcecode.c.h; path = DTRefreshHeader.h; sourceTree = "<group>"; };
		50E0BCED1C9861320054283A /* DTRefreshHeader.m */ = {isa = PBXFileReference; fileEncoding = 4; lastKnownFileType = sourcecode.c.objc; path = DTRefreshHeader.m; sourceTree = "<group>"; };
		50E0BD111C986F670054283A /* DTNavigationBarView.h */ = {isa = PBXFileReference; fileEncoding = 4; lastKnownFileType = sourcecode.c.h; path = DTNavigationBarView.h; sourceTree = "<group>"; };
		50E0BD121C986F670054283A /* DTNavigationBarView.m */ = {isa = PBXFileReference; fileEncoding = 4; lastKnownFileType = sourcecode.c.objc; path = DTNavigationBarView.m; sourceTree = "<group>"; };
		BDF1C12D8D8461CF15A5BD2F /* libPods-DefenseOfTheAncients.a */ = {isa = PBXFileReference; explicitFileType = archive.ar; includeInIndex = 0; path = "libPods-DefenseOfTheAncients.a"; sourceTree = BUILT_PRODUCTS_DIR; };
		DC288F6EE0BECE2A5E10332A /* Pods-DefenseOfTheAncients.debug.xcconfig */ = {isa = PBXFileReference; includeInIndex = 1; lastKnownFileType = text.xcconfig; name = "Pods-DefenseOfTheAncients.debug.xcconfig"; path = "Pods/Target Support Files/Pods-DefenseOfTheAncients/Pods-DefenseOfTheAncients.debug.xcconfig"; sourceTree = "<group>"; };
/* End PBXFileReference section */

/* Begin PBXFrameworksBuildPhase section */
		50D201491C980CA700B99E3B /* Frameworks */ = {
			isa = PBXFrameworksBuildPhase;
			buildActionMask = 2147483647;
			files = (
				81E671B156185A5960519EBC /* libPods-DefenseOfTheAncients.a in Frameworks */,
			);
			runOnlyForDeploymentPostprocessing = 0;
		};
		50D201621C980CA800B99E3B /* Frameworks */ = {
			isa = PBXFrameworksBuildPhase;
			buildActionMask = 2147483647;
			files = (
			);
			runOnlyForDeploymentPostprocessing = 0;
		};
		50D2016D1C980CA800B99E3B /* Frameworks */ = {
			isa = PBXFrameworksBuildPhase;
			buildActionMask = 2147483647;
			files = (
			);
			runOnlyForDeploymentPostprocessing = 0;
		};
/* End PBXFrameworksBuildPhase section */

/* Begin PBXGroup section */
		50D201431C980CA700B99E3B = {
			isa = PBXGroup;
			children = (
				50D2014E1C980CA700B99E3B /* DefenseOfTheAncients */,
				50D201681C980CA800B99E3B /* DefenseOfTheAncientsTests */,
				50D201731C980CA800B99E3B /* DefenseOfTheAncientsUITests */,
				50D2014D1C980CA700B99E3B /* Products */,
				D1B1B26658C4CD5FA0FB2873 /* Pods */,
				57D97106E8E251FA75C401F3 /* Frameworks */,
			);
			sourceTree = "<group>";
		};
		50D2014D1C980CA700B99E3B /* Products */ = {
			isa = PBXGroup;
			children = (
				50D2014C1C980CA700B99E3B /* DefenseOfTheAncients.app */,
				50D201651C980CA800B99E3B /* DefenseOfTheAncientsTests.xctest */,
				50D201701C980CA800B99E3B /* DefenseOfTheAncientsUITests.xctest */,
			);
			name = Products;
			sourceTree = "<group>";
		};
		50D2014E1C980CA700B99E3B /* DefenseOfTheAncients */ = {
			isa = PBXGroup;
			children = (
				50D201821C98102500B99E3B /* Models */,
				50D201831C98102500B99E3B /* Utils */,
				50D201841C98102500B99E3B /* API */,
				50D201851C98102500B99E3B /* Controllers */,
				50D201861C98102500B99E3B /* Views */,
				50D201521C980CA700B99E3B /* AppDelegate.h */,
				50D201531C980CA700B99E3B /* AppDelegate.m */,
				50D2015B1C980CA700B99E3B /* Assets.xcassets */,
				50D2015D1C980CA700B99E3B /* LaunchScreen.storyboard */,
				50D201601C980CA700B99E3B /* Info.plist */,
				50D2014F1C980CA700B99E3B /* Supporting Files */,
				50D201A51C98177F00B99E3B /* DTPrefixHeader.pch */,
			);
			path = DefenseOfTheAncients;
			sourceTree = "<group>";
		};
		50D2014F1C980CA700B99E3B /* Supporting Files */ = {
			isa = PBXGroup;
			children = (
				50D201501C980CA700B99E3B /* main.m */,
			);
			name = "Supporting Files";
			sourceTree = "<group>";
		};
		50D201681C980CA800B99E3B /* DefenseOfTheAncientsTests */ = {
			isa = PBXGroup;
			children = (
				50D201691C980CA800B99E3B /* DefenseOfTheAncientsTests.m */,
				50D2016B1C980CA800B99E3B /* Info.plist */,
			);
			path = DefenseOfTheAncientsTests;
			sourceTree = "<group>";
		};
		50D201731C980CA800B99E3B /* DefenseOfTheAncientsUITests */ = {
			isa = PBXGroup;
			children = (
				50D201741C980CA800B99E3B /* DefenseOfTheAncientsUITests.m */,
				50D201761C980CA800B99E3B /* Info.plist */,
			);
			path = DefenseOfTheAncientsUITests;
			sourceTree = "<group>";
		};
		50D201821C98102500B99E3B /* Models */ = {
			isa = PBXGroup;
			children = (
				50D2019B1C9815D000B99E3B /* TreasureBox */,
				50D2019C1C9815D000B99E3B /* Information */,
				50D2019D1C9815D000B99E3B /* Mine */,
				50D2019E1C9815D000B99E3B /* Video */,
				50D2019F1C9815D000B99E3B /* Game */,
			);
			path = Models;
			sourceTree = "<group>";
		};
		50D201831C98102500B99E3B /* Utils */ = {
			isa = PBXGroup;
			children = (
				50E0BCE91C98588C0054283A /* UIImage+ColorImage.h */,
				50E0BCEA1C98588C0054283A /* UIImage+ColorImage.m */,
				50E0BCEC1C9861320054283A /* DTRefreshHeader.h */,
				50E0BCED1C9861320054283A /* DTRefreshHeader.m */,
			);
			path = Utils;
			sourceTree = "<group>";
		};
		50D201841C98102500B99E3B /* API */ = {
			isa = PBXGroup;
			children = (
				50D201961C9815CA00B99E3B /* Information */,
				50D201971C9815CA00B99E3B /* TreasureBox */,
				50D201981C9815CA00B99E3B /* Game */,
				50D201991C9815CA00B99E3B /* Mine */,
				50D2019A1C9815CA00B99E3B /* Video */,
			);
			path = API;
			sourceTree = "<group>";
		};
		50D201851C98102500B99E3B /* Controllers */ = {
			isa = PBXGroup;
			children = (
				50D201A01C9815E900B99E3B /* Tabbar */,
				50D2018C1C9815B800B99E3B /* Information */,
				50D2018D1C9815B800B99E3B /* TreasureBox */,
				50D2018E1C9815B800B99E3B /* Mine */,
				50D2018F1C9815B800B99E3B /* Video */,
				50D201901C9815B800B99E3B /* Game */,
			);
			path = Controllers;
			sourceTree = "<group>";
		};
		50D201861C98102500B99E3B /* Views */ = {
			isa = PBXGroup;
			children = (
				50D201911C9815C000B99E3B /* Information */,
				50D201921C9815C000B99E3B /* TreasureBox */,
				50D201931C9815C000B99E3B /* Mine */,
				50D201941C9815C000B99E3B /* Video */,
				50D201951C9815C000B99E3B /* Game */,
				50E0BD111C986F670054283A /* DTNavigationBarView.h */,
				50E0BD121C986F670054283A /* DTNavigationBarView.m */,
			);
			path = Views;
			sourceTree = "<group>";
		};
		50D2018C1C9815B800B99E3B /* Information */ = {
			isa = PBXGroup;
			children = (
				50D201A61C9818E000B99E3B /* DTInformationViewController.h */,
				50D201A71C9818E000B99E3B /* DTInformationViewController.m */,
				50D201A81C9818E000B99E3B /* DTInformationViewController.xib */,
				50C78DAD1C98F9C900F23D9F /* DTWholeViewController.h */,
				50C78DAE1C98F9C900F23D9F /* DTWholeViewController.m */,
				50C78DAF1C98F9C900F23D9F /* DTWholeViewController.xib */,
				50C78DB21C98FA0100F23D9F /* DTOfficialViewController.h */,
				50C78DB31C98FA0100F23D9F /* DTOfficialViewController.m */,
				50C78DB41C98FA0100F23D9F /* DTOfficialViewController.xib */,
				50C78DB71C98FA1900F23D9F /* DTUpdateViewController.h */,
				50C78DB81C98FA1900F23D9F /* DTUpdateViewController.m */,
				50C78DB91C98FA1900F23D9F /* DTUpdateViewController.xib */,
				50C78DBC1C98FA3A00F23D9F /* DTMediaViewController.h */,
				50C78DBD1C98FA3A00F23D9F /* DTMediaViewController.m */,
				50C78DBE1C98FA3A00F23D9F /* DTMediaViewController.xib */,
				50C78DC11C98FA5300F23D9F /* DTMatchViewController.h */,
				50C78DC21C98FA5300F23D9F /* DTMatchViewController.m */,
				50C78DC31C98FA5300F23D9F /* DTMatchViewController.xib */,
			);
			path = Information;
			sourceTree = "<group>";
		};
		50D2018D1C9815B800B99E3B /* TreasureBox */ = {
			isa = PBXGroup;
			children = (
				50D201AB1C9818F000B99E3B /* DTTreasureBoxViewController.h */,
				50D201AC1C9818F000B99E3B /* DTTreasureBoxViewController.m */,
				50D201AD1C9818F000B99E3B /* DTTreasureBoxViewController.xib */,
			);
			path = TreasureBox;
			sourceTree = "<group>";
		};
		50D2018E1C9815B800B99E3B /* Mine */ = {
			isa = PBXGroup;
			children = (
				50D201B01C9818FD00B99E3B /* DTMineViewController.h */,
				50D201B11C9818FD00B99E3B /* DTMineViewController.m */,
				50D201B21C9818FD00B99E3B /* DTMineViewController.xib */,
			);
			path = Mine;
			sourceTree = "<group>";
		};
		50D2018F1C9815B800B99E3B /* Video */ = {
			isa = PBXGroup;
			children = (
				50D201B51C98190900B99E3B /* DTVideoViewController.h */,
				50D201B61C98190900B99E3B /* DTVideoViewController.m */,
				50D201B71C98190900B99E3B /* DTVideoViewController.xib */,
			);
			path = Video;
			sourceTree = "<group>";
		};
		50D201901C9815B800B99E3B /* Game */ = {
			isa = PBXGroup;
			children = (
				50D201BA1C98191900B99E3B /* DTGameViewController.h */,
				50D201BB1C98191900B99E3B /* DTGameViewController.m */,
				50D201BC1C98191900B99E3B /* DTGameViewController.xib */,
			);
			path = Game;
			sourceTree = "<group>";
		};
		50D201911C9815C000B99E3B /* Information */ = {
			isa = PBXGroup;
			children = (
				50C78DC61C990E6A00F23D9F /* DTInformationCell.h */,
				50C78DC71C990E6A00F23D9F /* DTInformationCell.m */,
				50C78DC81C990E6A00F23D9F /* DTInformationCell.xib */,
			);
			path = Information;
			sourceTree = "<group>";
		};
		50D201921C9815C000B99E3B /* TreasureBox */ = {
			isa = PBXGroup;
			children = (
			);
			path = TreasureBox;
			sourceTree = "<group>";
		};
		50D201931C9815C000B99E3B /* Mine */ = {
			isa = PBXGroup;
			children = (
			);
			path = Mine;
			sourceTree = "<group>";
		};
		50D201941C9815C000B99E3B /* Video */ = {
			isa = PBXGroup;
			children = (
			);
			path = Video;
			sourceTree = "<group>";
		};
		50D201951C9815C000B99E3B /* Game */ = {
			isa = PBXGroup;
			children = (
			);
			path = Game;
			sourceTree = "<group>";
		};
		50D201961C9815CA00B99E3B /* Information */ = {
			isa = PBXGroup;
			children = (
			);
			path = Information;
			sourceTree = "<group>";
		};
		50D201971C9815CA00B99E3B /* TreasureBox */ = {
			isa = PBXGroup;
			children = (
			);
			path = TreasureBox;
			sourceTree = "<group>";
		};
		50D201981C9815CA00B99E3B /* Game */ = {
			isa = PBXGroup;
			children = (
			);
			path = Game;
			sourceTree = "<group>";
		};
		50D201991C9815CA00B99E3B /* Mine */ = {
			isa = PBXGroup;
			children = (
			);
			path = Mine;
			sourceTree = "<group>";
		};
		50D2019A1C9815CA00B99E3B /* Video */ = {
			isa = PBXGroup;
			children = (
			);
			path = Video;
			sourceTree = "<group>";
		};
		50D2019B1C9815D000B99E3B /* TreasureBox */ = {
			isa = PBXGroup;
			children = (
			);
			path = TreasureBox;
			sourceTree = "<group>";
		};
		50D2019C1C9815D000B99E3B /* Information */ = {
			isa = PBXGroup;
			children = (
			);
			path = Information;
			sourceTree = "<group>";
		};
		50D2019D1C9815D000B99E3B /* Mine */ = {
			isa = PBXGroup;
			children = (
			);
			path = Mine;
			sourceTree = "<group>";
		};
		50D2019E1C9815D000B99E3B /* Video */ = {
			isa = PBXGroup;
			children = (
			);
			path = Video;
			sourceTree = "<group>";
		};
		50D2019F1C9815D000B99E3B /* Game */ = {
			isa = PBXGroup;
			children = (
			);
			path = Game;
			sourceTree = "<group>";
		};
		50D201A01C9815E900B99E3B /* Tabbar */ = {
			isa = PBXGroup;
			children = (
				50D201BF1C9819C100B99E3B /* DTTabBarViewController.h */,
				50D201C01C9819C100B99E3B /* DTTabBarViewController.m */,
			);
			path = Tabbar;
			sourceTree = "<group>";
		};
		57D97106E8E251FA75C401F3 /* Frameworks */ = {
			isa = PBXGroup;
			children = (
				BDF1C12D8D8461CF15A5BD2F /* libPods-DefenseOfTheAncients.a */,
			);
			name = Frameworks;
			sourceTree = "<group>";
		};
		D1B1B26658C4CD5FA0FB2873 /* Pods */ = {
			isa = PBXGroup;
			children = (
				DC288F6EE0BECE2A5E10332A /* Pods-DefenseOfTheAncients.debug.xcconfig */,
				2552A424E99AADA6CBB17849 /* Pods-DefenseOfTheAncients.release.xcconfig */,
			);
			name = Pods;
			sourceTree = "<group>";
		};
/* End PBXGroup section */

/* Begin PBXNativeTarget section */
		50D2014B1C980CA700B99E3B /* DefenseOfTheAncients */ = {
			isa = PBXNativeTarget;
			buildConfigurationList = 50D201791C980CA800B99E3B /* Build configuration list for PBXNativeTarget "DefenseOfTheAncients" */;
			buildPhases = (
				AF025C9C07A40420366DC88B /* Check Pods Manifest.lock */,
				50D201481C980CA700B99E3B /* Sources */,
				50D201491C980CA700B99E3B /* Frameworks */,
				50D2014A1C980CA700B99E3B /* Resources */,
				559DB1EA6F00E339CF7306DF /* Embed Pods Frameworks */,
				F33C93A36EAC0EBB8B2F08E9 /* Copy Pods Resources */,
			);
			buildRules = (
			);
			dependencies = (
			);
			name = DefenseOfTheAncients;
			productName = DefenseOfTheAncients;
			productReference = 50D2014C1C980CA700B99E3B /* DefenseOfTheAncients.app */;
			productType = "com.apple.product-type.application";
		};
		50D201641C980CA800B99E3B /* DefenseOfTheAncientsTests */ = {
			isa = PBXNativeTarget;
			buildConfigurationList = 50D2017C1C980CA800B99E3B /* Build configuration list for PBXNativeTarget "DefenseOfTheAncientsTests" */;
			buildPhases = (
				50D201611C980CA800B99E3B /* Sources */,
				50D201621C980CA800B99E3B /* Frameworks */,
				50D201631C980CA800B99E3B /* Resources */,
			);
			buildRules = (
			);
			dependencies = (
				50D201671C980CA800B99E3B /* PBXTargetDependency */,
			);
			name = DefenseOfTheAncientsTests;
			productName = DefenseOfTheAncientsTests;
			productReference = 50D201651C980CA800B99E3B /* DefenseOfTheAncientsTests.xctest */;
			productType = "com.apple.product-type.bundle.unit-test";
		};
		50D2016F1C980CA800B99E3B /* DefenseOfTheAncientsUITests */ = {
			isa = PBXNativeTarget;
			buildConfigurationList = 50D2017F1C980CA800B99E3B /* Build configuration list for PBXNativeTarget "DefenseOfTheAncientsUITests" */;
			buildPhases = (
				50D2016C1C980CA800B99E3B /* Sources */,
				50D2016D1C980CA800B99E3B /* Frameworks */,
				50D2016E1C980CA800B99E3B /* Resources */,
			);
			buildRules = (
			);
			dependencies = (
				50D201721C980CA800B99E3B /* PBXTargetDependency */,
			);
			name = DefenseOfTheAncientsUITests;
			productName = DefenseOfTheAncientsUITests;
			productReference = 50D201701C980CA800B99E3B /* DefenseOfTheAncientsUITests.xctest */;
			productType = "com.apple.product-type.bundle.ui-testing";
		};
/* End PBXNativeTarget section */

/* Begin PBXProject section */
		50D201441C980CA700B99E3B /* Project object */ = {
			isa = PBXProject;
			attributes = {
				CLASSPREFIX = DT;
				LastUpgradeCheck = 0720;
				ORGANIZATIONNAME = Mr.Yao;
				TargetAttributes = {
					50D2014B1C980CA700B99E3B = {
						CreatedOnToolsVersion = 7.2;
					};
					50D201641C980CA800B99E3B = {
						CreatedOnToolsVersion = 7.2;
						TestTargetID = 50D2014B1C980CA700B99E3B;
					};
					50D2016F1C980CA800B99E3B = {
						CreatedOnToolsVersion = 7.2;
						TestTargetID = 50D2014B1C980CA700B99E3B;
					};
				};
			};
			buildConfigurationList = 50D201471C980CA700B99E3B /* Build configuration list for PBXProject "DefenseOfTheAncients" */;
			compatibilityVersion = "Xcode 3.2";
			developmentRegion = English;
			hasScannedForEncodings = 0;
			knownRegions = (
				en,
				Base,
			);
			mainGroup = 50D201431C980CA700B99E3B;
			productRefGroup = 50D2014D1C980CA700B99E3B /* Products */;
			projectDirPath = "";
			projectRoot = "";
			targets = (
				50D2014B1C980CA700B99E3B /* DefenseOfTheAncients */,
				50D201641C980CA800B99E3B /* DefenseOfTheAncientsTests */,
				50D2016F1C980CA800B99E3B /* DefenseOfTheAncientsUITests */,
			);
		};
/* End PBXProject section */

/* Begin PBXResourcesBuildPhase section */
		50D2014A1C980CA700B99E3B /* Resources */ = {
			isa = PBXResourcesBuildPhase;
			buildActionMask = 2147483647;
			files = (
				50C78DB11C98F9C900F23D9F /* DTWholeViewController.xib in Resources */,
				50C78DCA1C990E6A00F23D9F /* DTInformationCell.xib in Resources */,
				50D2015F1C980CA700B99E3B /* LaunchScreen.storyboard in Resources */,
				50C78DC51C98FA5300F23D9F /* DTMatchViewController.xib in Resources */,
				50D201B41C9818FD00B99E3B /* DTMineViewController.xib in Resources */,
				50C78DBB1C98FA1900F23D9F /* DTUpdateViewController.xib in Resources */,
				50C78DB61C98FA0100F23D9F /* DTOfficialViewController.xib in Resources */,
				50D201BE1C98191900B99E3B /* DTGameViewController.xib in Resources */,
				50D201AA1C9818E000B99E3B /* DTInformationViewController.xib in Resources */,
				50D2015C1C980CA700B99E3B /* Assets.xcassets in Resources */,
				50D201B91C98190900B99E3B /* DTVideoViewController.xib in Resources */,
				50C78DC01C98FA3A00F23D9F /* DTMediaViewController.xib in Resources */,
				50D201AF1C9818F000B99E3B /* DTTreasureBoxViewController.xib in Resources */,
			);
			runOnlyForDeploymentPostprocessing = 0;
		};
		50D201631C980CA800B99E3B /* Resources */ = {
			isa = PBXResourcesBuildPhase;
			buildActionMask = 2147483647;
			files = (
			);
			runOnlyForDeploymentPostprocessing = 0;
		};
		50D2016E1C980CA800B99E3B /* Resources */ = {
			isa = PBXResourcesBuildPhase;
			buildActionMask = 2147483647;
			files = (
			);
			runOnlyForDeploymentPostprocessing = 0;
		};
/* End PBXResourcesBuildPhase section */

/* Begin PBXShellScriptBuildPhase section */
		559DB1EA6F00E339CF7306DF /* Embed Pods Frameworks */ = {
			isa = PBXShellScriptBuildPhase;
			buildActionMask = 2147483647;
			files = (
			);
			inputPaths = (
			);
			name = "Embed Pods Frameworks";
			outputPaths = (
			);
			runOnlyForDeploymentPostprocessing = 0;
			shellPath = /bin/sh;
			shellScript = "\"${SRCROOT}/Pods/Target Support Files/Pods-DefenseOfTheAncients/Pods-DefenseOfTheAncients-frameworks.sh\"\n";
			showEnvVarsInLog = 0;
		};
		AF025C9C07A40420366DC88B /* Check Pods Manifest.lock */ = {
			isa = PBXShellScriptBuildPhase;
			buildActionMask = 2147483647;
			files = (
			);
			inputPaths = (
			);
			name = "Check Pods Manifest.lock";
			outputPaths = (
			);
			runOnlyForDeploymentPostprocessing = 0;
			shellPath = /bin/sh;
			shellScript = "diff \"${PODS_ROOT}/../Podfile.lock\" \"${PODS_ROOT}/Manifest.lock\" > /dev/null\nif [[ $? != 0 ]] ; then\n    cat << EOM\nerror: The sandbox is not in sync with the Podfile.lock. Run 'pod install' or update your CocoaPods installation.\nEOM\n    exit 1\nfi\n";
			showEnvVarsInLog = 0;
		};
		F33C93A36EAC0EBB8B2F08E9 /* Copy Pods Resources */ = {
			isa = PBXShellScriptBuildPhase;
			buildActionMask = 2147483647;
			files = (
			);
			inputPaths = (
			);
			name = "Copy Pods Resources";
			outputPaths = (
			);
			runOnlyForDeploymentPostprocessing = 0;
			shellPath = /bin/sh;
			shellScript = "\"${SRCROOT}/Pods/Target Support Files/Pods-DefenseOfTheAncients/Pods-DefenseOfTheAncients-resources.sh\"\n";
			showEnvVarsInLog = 0;
		};
/* End PBXShellScriptBuildPhase section */

/* Begin PBXSourcesBuildPhase section */
		50D201481C980CA700B99E3B /* Sources */ = {
			isa = PBXSourcesBuildPhase;
			buildActionMask = 2147483647;
			files = (
				50D201B81C98190900B99E3B /* DTVideoViewController.m in Sources */,
				50D201541C980CA700B99E3B /* AppDelegate.m in Sources */,
				50D201BD1C98191900B99E3B /* DTGameViewController.m in Sources */,
				50D201A91C9818E000B99E3B /* DTInformationViewController.m in Sources */,
				50D201AE1C9818F000B99E3B /* DTTreasureBoxViewController.m in Sources */,
				50D201B31C9818FD00B99E3B /* DTMineViewController.m in Sources */,
				50C78DC41C98FA5300F23D9F /* DTMatchViewController.m in Sources */,
				50C78DB51C98FA0100F23D9F /* DTOfficialViewController.m in Sources */,
				50C78DBA1C98FA1900F23D9F /* DTUpdateViewController.m in Sources */,
				50E0BCEB1C98588C0054283A /* UIImage+ColorImage.m in Sources */,
				50D201C11C9819C100B99E3B /* DTTabBarViewController.m in Sources */,
				50C78DB01C98F9C900F23D9F /* DTWholeViewController.m in Sources */,
				50E0BCEE1C9861320054283A /* DTRefreshHeader.m in Sources */,
				50D201511C980CA700B99E3B /* main.m in Sources */,
				50E0BD131C986F670054283A /* DTNavigationBarView.m in Sources */,
				50C78DC91C990E6A00F23D9F /* DTInformationCell.m in Sources */,
				50C78DBF1C98FA3A00F23D9F /* DTMediaViewController.m in Sources */,
			);
			runOnlyForDeploymentPostprocessing = 0;
		};
		50D201611C980CA800B99E3B /* Sources */ = {
			isa = PBXSourcesBuildPhase;
			buildActionMask = 2147483647;
			files = (
				50D2016A1C980CA800B99E3B /* DefenseOfTheAncientsTests.m in Sources */,
			);
			runOnlyForDeploymentPostprocessing = 0;
		};
		50D2016C1C980CA800B99E3B /* Sources */ = {
			isa = PBXSourcesBuildPhase;
			buildActionMask = 2147483647;
			files = (
				50D201751C980CA800B99E3B /* DefenseOfTheAncientsUITests.m in Sources */,
			);
			runOnlyForDeploymentPostprocessing = 0;
		};
/* End PBXSourcesBuildPhase section */

/* Begin PBXTargetDependency section */
		50D201671C980CA800B99E3B /* PBXTargetDependency */ = {
			isa = PBXTargetDependency;
			target = 50D2014B1C980CA700B99E3B /* DefenseOfTheAncients */;
			targetProxy = 50D201661C980CA800B99E3B /* PBXContainerItemProxy */;
		};
		50D201721C980CA800B99E3B /* PBXTargetDependency */ = {
			isa = PBXTargetDependency;
			target = 50D2014B1C980CA700B99E3B /* DefenseOfTheAncients */;
			targetProxy = 50D201711C980CA800B99E3B /* PBXContainerItemProxy */;
		};
/* End PBXTargetDependency section */

/* Begin PBXVariantGroup section */
		50D2015D1C980CA700B99E3B /* LaunchScreen.storyboard */ = {
			isa = PBXVariantGroup;
			children = (
				50D2015E1C980CA700B99E3B /* Base */,
			);
			name = LaunchScreen.storyboard;
			sourceTree = "<group>";
		};
/* End PBXVariantGroup section */

/* Begin XCBuildConfiguration section */
		50D201771C980CA800B99E3B /* Debug */ = {
			isa = XCBuildConfiguration;
			buildSettings = {
				ALWAYS_SEARCH_USER_PATHS = NO;
				CLANG_CXX_LANGUAGE_STANDARD = "gnu++0x";
				CLANG_CXX_LIBRARY = "libc++";
				CLANG_ENABLE_MODULES = YES;
				CLANG_ENABLE_OBJC_ARC = YES;
				CLANG_WARN_BOOL_CONVERSION = YES;
				CLANG_WARN_CONSTANT_CONVERSION = YES;
				CLANG_WARN_DIRECT_OBJC_ISA_USAGE = YES_ERROR;
				CLANG_WARN_EMPTY_BODY = YES;
				CLANG_WARN_ENUM_CONVERSION = YES;
				CLANG_WARN_INT_CONVERSION = YES;
				CLANG_WARN_OBJC_ROOT_CLASS = YES_ERROR;
				CLANG_WARN_UNREACHABLE_CODE = YES;
				CLANG_WARN__DUPLICATE_METHOD_MATCH = YES;
				"CODE_SIGN_IDENTITY[sdk=iphoneos*]" = "iPhone Developer";
				COPY_PHASE_STRIP = NO;
				DEBUG_INFORMATION_FORMAT = dwarf;
				ENABLE_STRICT_OBJC_MSGSEND = YES;
				ENABLE_TESTABILITY = YES;
				GCC_C_LANGUAGE_STANDARD = gnu99;
				GCC_DYNAMIC_NO_PIC = NO;
				GCC_NO_COMMON_BLOCKS = YES;
				GCC_OPTIMIZATION_LEVEL = 0;
				GCC_PREPROCESSOR_DEFINITIONS = (
					"DEBUG=1",
					"$(inherited)",
				);
				GCC_WARN_64_TO_32_BIT_CONVERSION = YES;
				GCC_WARN_ABOUT_RETURN_TYPE = YES_ERROR;
				GCC_WARN_UNDECLARED_SELECTOR = YES;
				GCC_WARN_UNINITIALIZED_AUTOS = YES_AGGRESSIVE;
				GCC_WARN_UNUSED_FUNCTION = YES;
				GCC_WARN_UNUSED_VARIABLE = YES;
				IPHONEOS_DEPLOYMENT_TARGET = 9.2;
				MTL_ENABLE_DEBUG_INFO = YES;
				ONLY_ACTIVE_ARCH = YES;
				SDKROOT = iphoneos;
			};
			name = Debug;
		};
		50D201781C980CA800B99E3B /* Release */ = {
			isa = XCBuildConfiguration;
			buildSettings = {
				ALWAYS_SEARCH_USER_PATHS = NO;
				CLANG_CXX_LANGUAGE_STANDARD = "gnu++0x";
				CLANG_CXX_LIBRARY = "libc++";
				CLANG_ENABLE_MODULES = YES;
				CLANG_ENABLE_OBJC_ARC = YES;
				CLANG_WARN_BOOL_CONVERSION = YES;
				CLANG_WARN_CONSTANT_CONVERSION = YES;
				CLANG_WARN_DIRECT_OBJC_ISA_USAGE = YES_ERROR;
				CLANG_WARN_EMPTY_BODY = YES;
				CLANG_WARN_ENUM_CONVERSION = YES;
				CLANG_WARN_INT_CONVERSION = YES;
				CLANG_WARN_OBJC_ROOT_CLASS = YES_ERROR;
				CLANG_WARN_UNREACHABLE_CODE = YES;
				CLANG_WARN__DUPLICATE_METHOD_MATCH = YES;
				"CODE_SIGN_IDENTITY[sdk=iphoneos*]" = "iPhone Developer";
				COPY_PHASE_STRIP = NO;
				DEBUG_INFORMATION_FORMAT = "dwarf-with-dsym";
				ENABLE_NS_ASSERTIONS = NO;
				ENABLE_STRICT_OBJC_MSGSEND = YES;
				GCC_C_LANGUAGE_STANDARD = gnu99;
				GCC_NO_COMMON_BLOCKS = YES;
				GCC_WARN_64_TO_32_BIT_CONVERSION = YES;
				GCC_WARN_ABOUT_RETURN_TYPE = YES_ERROR;
				GCC_WARN_UNDECLARED_SELECTOR = YES;
				GCC_WARN_UNINITIALIZED_AUTOS = YES_AGGRESSIVE;
				GCC_WARN_UNUSED_FUNCTION = YES;
				GCC_WARN_UNUSED_VARIABLE = YES;
				IPHONEOS_DEPLOYMENT_TARGET = 9.2;
				MTL_ENABLE_DEBUG_INFO = NO;
				SDKROOT = iphoneos;
				VALIDATE_PRODUCT = YES;
			};
			name = Release;
		};
		50D2017A1C980CA800B99E3B /* Debug */ = {
			isa = XCBuildConfiguration;
			baseConfigurationReference = DC288F6EE0BECE2A5E10332A /* Pods-DefenseOfTheAncients.debug.xcconfig */;
			buildSettings = {
				ASSETCATALOG_COMPILER_APPICON_NAME = AppIcon;
				GCC_PREFIX_HEADER = "$(SRCROOT)/DefenseOfTheAncients/DTPrefixHeader.pch";
				INFOPLIST_FILE = DefenseOfTheAncients/Info.plist;
				IPHONEOS_DEPLOYMENT_TARGET = 8.0;
				LD_RUNPATH_SEARCH_PATHS = "$(inherited) @executable_path/Frameworks";
				PRODUCT_BUNDLE_IDENTIFIER = "GitHub-https---github.com-yaoquanfeng123.DefenseOfTheAncients";
				PRODUCT_NAME = "$(TARGET_NAME)";
			};
			name = Debug;
		};
		50D2017B1C980CA800B99E3B /* Release */ = {
			isa = XCBuildConfiguration;
			baseConfigurationReference = 2552A424E99AADA6CBB17849 /* Pods-DefenseOfTheAncients.release.xcconfig */;
			buildSettings = {
				ASSETCATALOG_COMPILER_APPICON_NAME = AppIcon;
				GCC_PREFIX_HEADER = "$(SRCROOT)/DefenseOfTheAncients/DTPrefixHeader.pch";
				INFOPLIST_FILE = DefenseOfTheAncients/Info.plist;
				IPHONEOS_DEPLOYMENT_TARGET = 8.0;
				LD_RUNPATH_SEARCH_PATHS = "$(inherited) @executable_path/Frameworks";
				PRODUCT_BUNDLE_IDENTIFIER = "GitHub-https---github.com-yaoquanfeng123.DefenseOfTheAncients";
				PRODUCT_NAME = "$(TARGET_NAME)";
			};
			name = Release;
		};
		50D2017D1C980CA800B99E3B /* Debug */ = {
			isa = XCBuildConfiguration;
			buildSettings = {
				BUNDLE_LOADER = "$(TEST_HOST)";
				INFOPLIST_FILE = DefenseOfTheAncientsTests/Info.plist;
				LD_RUNPATH_SEARCH_PATHS = "$(inherited) @executable_path/Frameworks @loader_path/Frameworks";
				PRODUCT_BUNDLE_IDENTIFIER = "GitHub-https---github.com-yaoquanfeng123.DefenseOfTheAncientsTests";
				PRODUCT_NAME = "$(TARGET_NAME)";
				TEST_HOST = "$(BUILT_PRODUCTS_DIR)/DefenseOfTheAncients.app/DefenseOfTheAncients";
			};
			name = Debug;
		};
		50D2017E1C980CA800B99E3B /* Release */ = {
			isa = XCBuildConfiguration;
			buildSettings = {
				BUNDLE_LOADER = "$(TEST_HOST)";
				INFOPLIST_FILE = DefenseOfTheAncientsTests/Info.plist;
				LD_RUNPATH_SEARCH_PATHS = "$(inherited) @executable_path/Frameworks @loader_path/Frameworks";
				PRODUCT_BUNDLE_IDENTIFIER = "GitHub-https---github.com-yaoquanfeng123.DefenseOfTheAncientsTests";
				PRODUCT_NAME = "$(TARGET_NAME)";
				TEST_HOST = "$(BUILT_PRODUCTS_DIR)/DefenseOfTheAncients.app/DefenseOfTheAncients";
			};
			name = Release;
		};
		50D201801C980CA800B99E3B /* Debug */ = {
			isa = XCBuildConfiguration;
			buildSettings = {
				INFOPLIST_FILE = DefenseOfTheAncientsUITests/Info.plist;
				LD_RUNPATH_SEARCH_PATHS = "$(inherited) @executable_path/Frameworks @loader_path/Frameworks";
				PRODUCT_BUNDLE_IDENTIFIER = "GitHub-https---github.com-yaoquanfeng123.DefenseOfTheAncientsUITests";
				PRODUCT_NAME = "$(TARGET_NAME)";
				TEST_TARGET_NAME = DefenseOfTheAncients;
				USES_XCTRUNNER = YES;
			};
			name = Debug;
		};
		50D201811C980CA800B99E3B /* Release */ = {
			isa = XCBuildConfiguration;
			buildSettings = {
				INFOPLIST_FILE = DefenseOfTheAncientsUITests/Info.plist;
				LD_RUNPATH_SEARCH_PATHS = "$(inherited) @executable_path/Frameworks @loader_path/Frameworks";
				PRODUCT_BUNDLE_IDENTIFIER = "GitHub-https---github.com-yaoquanfeng123.DefenseOfTheAncientsUITests";
				PRODUCT_NAME = "$(TARGET_NAME)";
				TEST_TARGET_NAME = DefenseOfTheAncients;
				USES_XCTRUNNER = YES;
			};
			name = Release;
		};
/* End XCBuildConfiguration section */

/* Begin XCConfigurationList section */
		50D201471C980CA700B99E3B /* Build configuration list for PBXProject "DefenseOfTheAncients" */ = {
			isa = XCConfigurationList;
			buildConfigurations = (
				50D201771C980CA800B99E3B /* Debug */,
				50D201781C980CA800B99E3B /* Release */,
			);
			defaultConfigurationIsVisible = 0;
			defaultConfigurationName = Release;
		};
		50D201791C980CA800B99E3B /* Build configuration list for PBXNativeTarget "DefenseOfTheAncients" */ = {
			isa = XCConfigurationList;
			buildConfigurations = (
				50D2017A1C980CA800B99E3B /* Debug */,
				50D2017B1C980CA800B99E3B /* Release */,
			);
			defaultConfigurationIsVisible = 0;
			defaultConfigurationName = Release;
		};
		50D2017C1C980CA800B99E3B /* Build configuration list for PBXNativeTarget "DefenseOfTheAncientsTests" */ = {
			isa = XCConfigurationList;
			buildConfigurations = (
				50D2017D1C980CA800B99E3B /* Debug */,
				50D2017E1C980CA800B99E3B /* Release */,
			);
			defaultConfigurationIsVisible = 0;
			defaultConfigurationName = Release;
		};
		50D2017F1C980CA800B99E3B /* Build configuration list for PBXNativeTarget "DefenseOfTheAncientsUITests" */ = {
			isa = XCConfigurationList;
			buildConfigurations = (
				50D201801C980CA800B99E3B /* Debug */,
				50D201811C980CA800B99E3B /* Release */,
			);
			defaultConfigurationIsVisible = 0;
			defaultConfigurationName = Release;
		};
/* End XCConfigurationList section */
	};
	rootObject = 50D201441C980CA700B99E3B /* Project object */;
}
